
Microsoft Visual Studio Solution File, Format Version 12.00
# Visual Studio 14
VisualStudioVersion = 14.0.24720.0
MinimumVisualStudioVersion = 10.0.40219.1
Project("{FAE04EC0-301F-11D3-BF4B-00C04F79EFBC}") = "GuitarMagic", "GuitarMagic\GuitarMagic.csproj", "{872D7322-8F1B-4F5D-B485-2A7E193390C1}"
EndProject
Project("{FAE04EC0-301F-11D3-BF4B-00C04F79EFBC}") = "MathLib", "MathLib\MathLib.csproj", "{1CF1EAF5-ECB4-4924-9396-E20ED0ECD1B1}"
EndProject
Project("{FAE04EC0-301F-11D3-BF4B-00C04F79EFBC}") = "MidiLib", "MidiLib\MidiLib.csproj", "{83B44F7A-8343-4279-9908-0EA7D8239337}"
EndProject
Project("{FAE04EC0-301F-11D3-BF4B-00C04F79EFBC}") = "ShapeControl", "ShapeControl\ShapeControl.csproj", "{77A3E20F-622C-45BD-A9E3-1760AD069026}"
EndProject
Project("{FAE04EC0-301F-11D3-BF4B-00C04F79EFBC}") = "SpectrumLib", "SpectrumLib\SpectrumLib.csproj", "{CF4E7647-EAF8-44A8-9E1D-52245A05EB2C}"
EndProject
Global
	GlobalSection(SolutionConfigurationPlatforms) = preSolution
		Debug|Any CPU = Debug|Any CPU
		Release|Any CPU = Release|Any CPU
	EndGlobalSection
	GlobalSection(ProjectConfigurationPlatforms) = postSolution
		{872D7322-8F1B-4F5D-B485-2A7E193390C1}.Debug|Any CPU.ActiveCfg = Debug|Any CPU
		{872D7322-8F1B-4F5D-B485-2A7E193390C1}.Debug|Any CPU.Build.0 = Debug|Any CPU
		{872D7322-8F1B-4F5D-B485-2A7E193390C1}.Release|Any CPU.ActiveCfg = Release|Any CPU
		{872D7322-8F1B-4F5D-B485-2A7E193390C1}.Release|Any CPU.Build.0 = Release|Any CPU
		{1CF1EAF5-ECB4-4924-9396-E20ED0ECD1B1}.Debug|Any CPU.ActiveCfg = Debug|Any CPU
		{1CF1EAF5-ECB4-4924-9396-E20ED0ECD1B1}.Debug|Any CPU.Build.0 = Debug|Any CPU
		{1CF1EAF5-ECB4-4924-9396-E20ED0ECD1B1}.Release|Any CPU.ActiveCfg = Release|Any CPU
		{1CF1EAF5-ECB4-4924-9396-E20ED0ECD1B1}.Release|Any CPU.Build.0 = Release|Any CPU
		{83B44F7A-8343-4279-9908-0EA7D8239337}.Debug|Any CPU.ActiveCfg = Debug|Any CPU
		{83B44F7A-8343-4279-9908-0EA7D8239337}.Debug|Any CPU.Build.0 = Debug|Any CPU
		{83B44F7A-8343-4279-9908-0EA7D8239337}.Release|Any CPU.ActiveCfg = Release|Any CPU
		{83B44F7A-8343-4279-9908-0EA7D8239337}.Release|Any CPU.Build.0 = Release|Any CPU
		{77A3E20F-622C-45BD-A9E3-1760AD069026}.Debug|Any CPU.ActiveCfg = Debug|Any CPU
		{77A3E20F-622C-45BD-A9E3-1760AD069026}.Debug|Any CPU.Build.0 = Debug|Any CPU
		{77A3E20F-622C-45BD-A9E3-1760AD069026}.Release|Any CPU.ActiveCfg = Release|Any CPU
		{77A3E20F-622C-45BD-A9E3-1760AD069026}.Release|Any CPU.Build.0 = Release|Any CPU
		{CF4E7647-EAF8-44A8-9E1D-52245A05EB2C}.Debug|Any CPU.ActiveCfg = Debug|Any CPU
		{CF4E7647-EAF8-44A8-9E1D-52245A05EB2C}.Debug|Any CPU.Build.0 = Debug|Any CPU
		{CF4E7647-EAF8-44A8-9E1D-52245A05EB2C}.Release|Any CPU.ActiveCfg = Release|Any CPU
		{CF4E7647-EAF8-44A8-9E1D-52245A05EB2C}.Release|Any CPU.Build.0 = Release|Any CPU
	EndGlobalSection
	GlobalSection(SolutionProperties) = preSolution
		HideSolutionNode = FALSE
	EndGlobalSection
EndGlobal
